// !$*UTF8*$!
{
	archiveVersion = 1;
	classes = {
	};
	objectVersion = 48;
	objects = {

/* Begin PBXBuildFile section */
		2F9658E71FF3878C001D08DA /* ConnpassEventRepository.swift in Sources */ = {isa = PBXBuildFile; fileRef = 2F9658E61FF3878C001D08DA /* ConnpassEventRepository.swift */; };
		2F9658EE1FF6B6D2001D08DA /* EventCell.swift in Sources */ = {isa = PBXBuildFile; fileRef = 2F9658ED1FF6B6D2001D08DA /* EventCell.swift */; };
		2F9658F21FF74D89001D08DA /* NavigationRouter.swift in Sources */ = {isa = PBXBuildFile; fileRef = 2F9658F11FF74D89001D08DA /* NavigationRouter.swift */; };
		2FC6251C1FFCC601001E98F7 /* SearchEventModelSpec.swift in Sources */ = {isa = PBXBuildFile; fileRef = 2FC6251B1FFCC601001E98F7 /* SearchEventModelSpec.swift */; };
		2FC6251F1FFCCB3B001E98F7 /* FakeConnpassEventRepository.swift in Sources */ = {isa = PBXBuildFile; fileRef = 2FC6251E1FFCCB3B001E98F7 /* FakeConnpassEventRepository.swift */; };
		2FC625211FFCCB61001E98F7 /* ConnpassEventRepositoryProtocol.swift in Sources */ = {isa = PBXBuildFile; fileRef = 2FC625201FFCCB61001E98F7 /* ConnpassEventRepositoryProtocol.swift */; };
		2FC625232003C2EA001E98F7 /* Router.swift in Sources */ = {isa = PBXBuildFile; fileRef = 2FC625222003C2EA001E98F7 /* Router.swift */; };
		2FC625252003C36C001E98F7 /* NavigationRouterSpec.swift in Sources */ = {isa = PBXBuildFile; fileRef = 2FC625242003C36C001E98F7 /* NavigationRouterSpec.swift */; };
		2FECED121FEABF5900ED9E48 /* AppDelegate.swift in Sources */ = {isa = PBXBuildFile; fileRef = 2FECED111FEABF5900ED9E48 /* AppDelegate.swift */; };
		2FECED191FEABF5900ED9E48 /* Assets.xcassets in Resources */ = {isa = PBXBuildFile; fileRef = 2FECED181FEABF5900ED9E48 /* Assets.xcassets */; };
		2FECED1C1FEABF5900ED9E48 /* LaunchScreen.storyboard in Resources */ = {isa = PBXBuildFile; fileRef = 2FECED1A1FEABF5900ED9E48 /* LaunchScreen.storyboard */; };
		2FECED331FEAC66300ED9E48 /* SearchEventViewController.swift in Sources */ = {isa = PBXBuildFile; fileRef = 2FECED321FEAC66300ED9E48 /* SearchEventViewController.swift */; };
		2FECED361FEFBAD400ED9E48 /* SearchEventViewModel.swift in Sources */ = {isa = PBXBuildFile; fileRef = 2FECED351FEFBAD400ED9E48 /* SearchEventViewModel.swift */; };
		2FECED381FF0105200ED9E48 /* SearchEventModel.swift in Sources */ = {isa = PBXBuildFile; fileRef = 2FECED371FF0105200ED9E48 /* SearchEventModel.swift */; };
		2FECED3B1FF010CB00ED9E48 /* ConnpassEvent.swift in Sources */ = {isa = PBXBuildFile; fileRef = 2FECED3A1FF010CB00ED9E48 /* ConnpassEvent.swift */; };
		A62C288920BB021000EA755E /* SearchEventViewControllerSpec.swift in Sources */ = {isa = PBXBuildFile; fileRef = A62C288820BB021000EA755E /* SearchEventViewControllerSpec.swift */; };
		A62C288B20BB050300EA755E /* FakeRouter.swift in Sources */ = {isa = PBXBuildFile; fileRef = A62C288A20BB050300EA755E /* FakeRouter.swift */; };
		A62C289620BB05D100EA755E /* FakeSearchEventViewModel.swift in Sources */ = {isa = PBXBuildFile; fileRef = A62C289520BB05D100EA755E /* FakeSearchEventViewModel.swift */; };
		A62C289820BB303200EA755E /* SearchEventViewModelSpec.swift in Sources */ = {isa = PBXBuildFile; fileRef = A62C289720BB303200EA755E /* SearchEventViewModelSpec.swift */; };
		E7F3F75FEDDA8D7936D658BF /* Pods_MVVM_Practice.framework in Frameworks */ = {isa = PBXBuildFile; fileRef = 2ECA730D43856A3C035D48BF /* Pods_MVVM_Practice.framework */; };
		F4327442AF6B6A8312066F05 /* Pods_MVVM_PracticeTests.framework in Frameworks */ = {isa = PBXBuildFile; fileRef = 13DFB8F58FEBAFD38132B467 /* Pods_MVVM_PracticeTests.framework */; };
/* End PBXBuildFile section */

/* Begin PBXContainerItemProxy section */
		2FECED231FEABF5900ED9E48 /* PBXContainerItemProxy */ = {
			isa = PBXContainerItemProxy;
			containerPortal = 2FECED061FEABF5900ED9E48 /* Project object */;
			proxyType = 1;
			remoteGlobalIDString = 2FECED0D1FEABF5900ED9E48;
			remoteInfo = "MVVM-Practice";
		};
/* End PBXContainerItemProxy section */

/* Begin PBXFileReference section */
		13DFB8F58FEBAFD38132B467 /* Pods_MVVM_PracticeTests.framework */ = {isa = PBXFileReference; explicitFileType = wrapper.framework; includeInIndex = 0; path = Pods_MVVM_PracticeTests.framework; sourceTree = BUILT_PRODUCTS_DIR; };
		2ECA730D43856A3C035D48BF /* Pods_MVVM_Practice.framework */ = {isa = PBXFileReference; explicitFileType = wrapper.framework; includeInIndex = 0; path = Pods_MVVM_Practice.framework; sourceTree = BUILT_PRODUCTS_DIR; };
		2F9658E61FF3878C001D08DA /* ConnpassEventRepository.swift */ = {isa = PBXFileReference; lastKnownFileType = sourcecode.swift; path = ConnpassEventRepository.swift; sourceTree = "<group>"; };
		2F9658ED1FF6B6D2001D08DA /* EventCell.swift */ = {isa = PBXFileReference; lastKnownFileType = sourcecode.swift; path = EventCell.swift; sourceTree = "<group>"; };
		2F9658F11FF74D89001D08DA /* NavigationRouter.swift */ = {isa = PBXFileReference; lastKnownFileType = sourcecode.swift; path = NavigationRouter.swift; sourceTree = "<group>"; };
		2FC6251B1FFCC601001E98F7 /* SearchEventModelSpec.swift */ = {isa = PBXFileReference; lastKnownFileType = sourcecode.swift; path = SearchEventModelSpec.swift; sourceTree = "<group>"; };
		2FC6251E1FFCCB3B001E98F7 /* FakeConnpassEventRepository.swift */ = {isa = PBXFileReference; lastKnownFileType = sourcecode.swift; path = FakeConnpassEventRepository.swift; sourceTree = "<group>"; };
		2FC625201FFCCB61001E98F7 /* ConnpassEventRepositoryProtocol.swift */ = {isa = PBXFileReference; lastKnownFileType = sourcecode.swift; path = ConnpassEventRepositoryProtocol.swift; sourceTree = "<group>"; };
		2FC625222003C2EA001E98F7 /* Router.swift */ = {isa = PBXFileReference; lastKnownFileType = sourcecode.swift; path = Router.swift; sourceTree = "<group>"; };
		2FC625242003C36C001E98F7 /* NavigationRouterSpec.swift */ = {isa = PBXFileReference; lastKnownFileType = sourcecode.swift; path = NavigationRouterSpec.swift; sourceTree = "<group>"; };
		2FECED0E1FEABF5900ED9E48 /* MVVM-Practice.app */ = {isa = PBXFileReference; explicitFileType = wrapper.application; includeInIndex = 0; path = "MVVM-Practice.app"; sourceTree = BUILT_PRODUCTS_DIR; };
		2FECED111FEABF5900ED9E48 /* AppDelegate.swift */ = {isa = PBXFileReference; lastKnownFileType = sourcecode.swift; path = AppDelegate.swift; sourceTree = "<group>"; };
		2FECED181FEABF5900ED9E48 /* Assets.xcassets */ = {isa = PBXFileReference; lastKnownFileType = folder.assetcatalog; path = Assets.xcassets; sourceTree = "<group>"; };
		2FECED1B1FEABF5900ED9E48 /* Base */ = {isa = PBXFileReference; lastKnownFileType = file.storyboard; name = Base; path = Base.lproj/LaunchScreen.storyboard; sourceTree = "<group>"; };
		2FECED1D1FEABF5900ED9E48 /* Info.plist */ = {isa = PBXFileReference; lastKnownFileType = text.plist.xml; path = Info.plist; sourceTree = "<group>"; };
		2FECED221FEABF5900ED9E48 /* MVVM-PracticeTests.xctest */ = {isa = PBXFileReference; explicitFileType = wrapper.cfbundle; includeInIndex = 0; path = "MVVM-PracticeTests.xctest"; sourceTree = BUILT_PRODUCTS_DIR; };
		2FECED281FEABF5900ED9E48 /* Info.plist */ = {isa = PBXFileReference; lastKnownFileType = text.plist.xml; path = Info.plist; sourceTree = "<group>"; };
		2FECED321FEAC66300ED9E48 /* SearchEventViewController.swift */ = {isa = PBXFileReference; lastKnownFileType = sourcecode.swift; path = SearchEventViewController.swift; sourceTree = "<group>"; };
		2FECED351FEFBAD400ED9E48 /* SearchEventViewModel.swift */ = {isa = PBXFileReference; lastKnownFileType = sourcecode.swift; path = SearchEventViewModel.swift; sourceTree = "<group>"; };
		2FECED371FF0105200ED9E48 /* SearchEventModel.swift */ = {isa = PBXFileReference; lastKnownFileType = sourcecode.swift; path = SearchEventModel.swift; sourceTree = "<group>"; };
		2FECED3A1FF010CB00ED9E48 /* ConnpassEvent.swift */ = {isa = PBXFileReference; lastKnownFileType = sourcecode.swift; path = ConnpassEvent.swift; sourceTree = "<group>"; };
		33D05587E146C1E66BC889D0 /* Pods-MVVM-PracticeTests.debug.xcconfig */ = {isa = PBXFileReference; includeInIndex = 1; lastKnownFileType = text.xcconfig; name = "Pods-MVVM-PracticeTests.debug.xcconfig"; path = "Pods/Target Support Files/Pods-MVVM-PracticeTests/Pods-MVVM-PracticeTests.debug.xcconfig"; sourceTree = "<group>"; };
		78EE168F8370F3AFD019D986 /* Pods-MVVM-PracticeTests.release.xcconfig */ = {isa = PBXFileReference; includeInIndex = 1; lastKnownFileType = text.xcconfig; name = "Pods-MVVM-PracticeTests.release.xcconfig"; path = "Pods/Target Support Files/Pods-MVVM-PracticeTests/Pods-MVVM-PracticeTests.release.xcconfig"; sourceTree = "<group>"; };
		A62C288820BB021000EA755E /* SearchEventViewControllerSpec.swift */ = {isa = PBXFileReference; lastKnownFileType = sourcecode.swift; path = SearchEventViewControllerSpec.swift; sourceTree = "<group>"; };
		A62C288A20BB050300EA755E /* FakeRouter.swift */ = {isa = PBXFileReference; lastKnownFileType = sourcecode.swift; path = FakeRouter.swift; sourceTree = "<group>"; };
		A62C289520BB05D100EA755E /* FakeSearchEventViewModel.swift */ = {isa = PBXFileReference; lastKnownFileType = sourcecode.swift; path = FakeSearchEventViewModel.swift; sourceTree = "<group>"; };
		A62C289720BB303200EA755E /* SearchEventViewModelSpec.swift */ = {isa = PBXFileReference; lastKnownFileType = sourcecode.swift; path = SearchEventViewModelSpec.swift; sourceTree = "<group>"; };
		A8485C6698142C423A8EFB89 /* Pods-MVVM-Practice.debug.xcconfig */ = {isa = PBXFileReference; includeInIndex = 1; lastKnownFileType = text.xcconfig; name = "Pods-MVVM-Practice.debug.xcconfig"; path = "Pods/Target Support Files/Pods-MVVM-Practice/Pods-MVVM-Practice.debug.xcconfig"; sourceTree = "<group>"; };
		CC0CE58D2A47D31390D6A4AB /* Pods-MVVM-Practice.release.xcconfig */ = {isa = PBXFileReference; includeInIndex = 1; lastKnownFileType = text.xcconfig; name = "Pods-MVVM-Practice.release.xcconfig"; path = "Pods/Target Support Files/Pods-MVVM-Practice/Pods-MVVM-Practice.release.xcconfig"; sourceTree = "<group>"; };
/* End PBXFileReference section */

/* Begin PBXFrameworksBuildPhase section */
		2FECED0B1FEABF5900ED9E48 /* Frameworks */ = {
			isa = PBXFrameworksBuildPhase;
			buildActionMask = 2147483647;
			files = (
				E7F3F75FEDDA8D7936D658BF /* Pods_MVVM_Practice.framework in Frameworks */,
			);
			runOnlyForDeploymentPostprocessing = 0;
		};
		2FECED1F1FEABF5900ED9E48 /* Frameworks */ = {
			isa = PBXFrameworksBuildPhase;
			buildActionMask = 2147483647;
			files = (
				F4327442AF6B6A8312066F05 /* Pods_MVVM_PracticeTests.framework in Frameworks */,
			);
			runOnlyForDeploymentPostprocessing = 0;
		};
/* End PBXFrameworksBuildPhase section */

/* Begin PBXGroup section */
		2F9658E51FF38749001D08DA /* Repository */ = {
			isa = PBXGroup;
			children = (
				2F9658E61FF3878C001D08DA /* ConnpassEventRepository.swift */,
				2FC625201FFCCB61001E98F7 /* ConnpassEventRepositoryProtocol.swift */,
			);
			path = Repository;
			sourceTree = "<group>";
		};
		2F9658F01FF74D79001D08DA /* Router */ = {
			isa = PBXGroup;
			children = (
				2F9658F11FF74D89001D08DA /* NavigationRouter.swift */,
				2FC625222003C2EA001E98F7 /* Router.swift */,
			);
			path = Router;
			sourceTree = "<group>";
		};
		2FC625181FFCC035001E98F7 /* Router */ = {
			isa = PBXGroup;
			children = (
				2FC625242003C36C001E98F7 /* NavigationRouterSpec.swift */,
				A62C288A20BB050300EA755E /* FakeRouter.swift */,
			);
			path = Router;
			sourceTree = "<group>";
		};
		2FC625191FFCC035001E98F7 /* Search */ = {
			isa = PBXGroup;
			children = (
				A62C289420BB05BB00EA755E /* Fake */,
				2FC6251B1FFCC601001E98F7 /* SearchEventModelSpec.swift */,
				A62C288820BB021000EA755E /* SearchEventViewControllerSpec.swift */,
				A62C289720BB303200EA755E /* SearchEventViewModelSpec.swift */,
			);
			path = Search;
			sourceTree = "<group>";
		};
		2FC6251A1FFCC035001E98F7 /* Repository */ = {
			isa = PBXGroup;
			children = (
				2FC6251D1FFCCB05001E98F7 /* Fake */,
			);
			path = Repository;
			sourceTree = "<group>";
		};
		2FC6251D1FFCCB05001E98F7 /* Fake */ = {
			isa = PBXGroup;
			children = (
				2FC6251E1FFCCB3B001E98F7 /* FakeConnpassEventRepository.swift */,
			);
			path = Fake;
			sourceTree = "<group>";
		};
		2FECED051FEABF5900ED9E48 = {
			isa = PBXGroup;
			children = (
				2FECED101FEABF5900ED9E48 /* MVVM-Practice */,
				2FECED251FEABF5900ED9E48 /* MVVM-PracticeTests */,
				2FECED0F1FEABF5900ED9E48 /* Products */,
				3B34C68CDF90E2E5E6B14C41 /* Pods */,
				D94BEF2A3B73A42885A67365 /* Frameworks */,
			);
			sourceTree = "<group>";
		};
		2FECED0F1FEABF5900ED9E48 /* Products */ = {
			isa = PBXGroup;
			children = (
				2FECED0E1FEABF5900ED9E48 /* MVVM-Practice.app */,
				2FECED221FEABF5900ED9E48 /* MVVM-PracticeTests.xctest */,
			);
			name = Products;
			sourceTree = "<group>";
		};
		2FECED101FEABF5900ED9E48 /* MVVM-Practice */ = {
			isa = PBXGroup;
			children = (
				2F9658F01FF74D79001D08DA /* Router */,
				2F9658E51FF38749001D08DA /* Repository */,
				2FECED311FEAC54000ED9E48 /* Search */,
				2FECED111FEABF5900ED9E48 /* AppDelegate.swift */,
				2FECED181FEABF5900ED9E48 /* Assets.xcassets */,
				2FECED1A1FEABF5900ED9E48 /* LaunchScreen.storyboard */,
				2FECED1D1FEABF5900ED9E48 /* Info.plist */,
			);
			path = "MVVM-Practice";
			sourceTree = "<group>";
		};
		2FECED251FEABF5900ED9E48 /* MVVM-PracticeTests */ = {
			isa = PBXGroup;
			children = (
				2FC6251A1FFCC035001E98F7 /* Repository */,
				2FC625181FFCC035001E98F7 /* Router */,
				2FC625191FFCC035001E98F7 /* Search */,
				2FECED281FEABF5900ED9E48 /* Info.plist */,
			);
			path = "MVVM-PracticeTests";
			sourceTree = "<group>";
		};
		2FECED311FEAC54000ED9E48 /* Search */ = {
			isa = PBXGroup;
			children = (
				2FECED3A1FF010CB00ED9E48 /* ConnpassEvent.swift */,
				2FECED321FEAC66300ED9E48 /* SearchEventViewController.swift */,
				2FECED351FEFBAD400ED9E48 /* SearchEventViewModel.swift */,
				2FECED371FF0105200ED9E48 /* SearchEventModel.swift */,
				2F9658ED1FF6B6D2001D08DA /* EventCell.swift */,
			);
			path = Search;
			sourceTree = "<group>";
		};
		3B34C68CDF90E2E5E6B14C41 /* Pods */ = {
			isa = PBXGroup;
			children = (
				A8485C6698142C423A8EFB89 /* Pods-MVVM-Practice.debug.xcconfig */,
				CC0CE58D2A47D31390D6A4AB /* Pods-MVVM-Practice.release.xcconfig */,
				33D05587E146C1E66BC889D0 /* Pods-MVVM-PracticeTests.debug.xcconfig */,
				78EE168F8370F3AFD019D986 /* Pods-MVVM-PracticeTests.release.xcconfig */,
			);
			name = Pods;
			sourceTree = "<group>";
		};
		A62C289420BB05BB00EA755E /* Fake */ = {
			isa = PBXGroup;
			children = (
				A62C289520BB05D100EA755E /* FakeSearchEventViewModel.swift */,
			);
			path = Fake;
			sourceTree = "<group>";
		};
		D94BEF2A3B73A42885A67365 /* Frameworks */ = {
			isa = PBXGroup;
			children = (
				2ECA730D43856A3C035D48BF /* Pods_MVVM_Practice.framework */,
				13DFB8F58FEBAFD38132B467 /* Pods_MVVM_PracticeTests.framework */,
			);
			name = Frameworks;
			sourceTree = "<group>";
		};
/* End PBXGroup section */

/* Begin PBXNativeTarget section */
		2FECED0D1FEABF5900ED9E48 /* MVVM-Practice */ = {
			isa = PBXNativeTarget;
			buildConfigurationList = 2FECED2B1FEABF5900ED9E48 /* Build configuration list for PBXNativeTarget "MVVM-Practice" */;
			buildPhases = (
				8C742AC5860CF9686A2889B5 /* [CP] Check Pods Manifest.lock */,
				2FECED0A1FEABF5900ED9E48 /* Sources */,
				2FECED0B1FEABF5900ED9E48 /* Frameworks */,
				2FECED0C1FEABF5900ED9E48 /* Resources */,
				BD0C8AAAF80BC65C6BCC932B /* [CP] Embed Pods Frameworks */,
				30C5B1F6F857ED3DEAFA59F4 /* [CP] Copy Pods Resources */,
			);
			buildRules = (
			);
			dependencies = (
			);
			name = "MVVM-Practice";
			productName = "MVVM-Practice";
			productReference = 2FECED0E1FEABF5900ED9E48 /* MVVM-Practice.app */;
			productType = "com.apple.product-type.application";
		};
		2FECED211FEABF5900ED9E48 /* MVVM-PracticeTests */ = {
			isa = PBXNativeTarget;
			buildConfigurationList = 2FECED2E1FEABF5900ED9E48 /* Build configuration list for PBXNativeTarget "MVVM-PracticeTests" */;
			buildPhases = (
				9CD8DB571B193CA321A357C9 /* [CP] Check Pods Manifest.lock */,
				2FECED1E1FEABF5900ED9E48 /* Sources */,
				2FECED1F1FEABF5900ED9E48 /* Frameworks */,
				2FECED201FEABF5900ED9E48 /* Resources */,
				4AB4ADEF2452710A0EA10BFB /* [CP] Embed Pods Frameworks */,
				CFA657D6D28841FB47F7C5E9 /* [CP] Copy Pods Resources */,
			);
			buildRules = (
			);
			dependencies = (
				2FECED241FEABF5900ED9E48 /* PBXTargetDependency */,
			);
			name = "MVVM-PracticeTests";
			productName = "MVVM-PracticeTests";
			productReference = 2FECED221FEABF5900ED9E48 /* MVVM-PracticeTests.xctest */;
			productType = "com.apple.product-type.bundle.unit-test";
		};
/* End PBXNativeTarget section */

/* Begin PBXProject section */
		2FECED061FEABF5900ED9E48 /* Project object */ = {
			isa = PBXProject;
			attributes = {
				LastSwiftUpdateCheck = 0920;
				LastUpgradeCheck = 0920;
				ORGANIZATIONNAME = "daiki katayama";
				TargetAttributes = {
					2FECED0D1FEABF5900ED9E48 = {
						CreatedOnToolsVersion = 9.2;
						ProvisioningStyle = Automatic;
					};
					2FECED211FEABF5900ED9E48 = {
						CreatedOnToolsVersion = 9.2;
						LastSwiftMigration = 0920;
						ProvisioningStyle = Automatic;
						TestTargetID = 2FECED0D1FEABF5900ED9E48;
					};
				};
			};
			buildConfigurationList = 2FECED091FEABF5900ED9E48 /* Build configuration list for PBXProject "MVVM-Practice" */;
			compatibilityVersion = "Xcode 8.0";
			developmentRegion = en;
			hasScannedForEncodings = 0;
			knownRegions = (
				en,
				Base,
			);
			mainGroup = 2FECED051FEABF5900ED9E48;
			productRefGroup = 2FECED0F1FEABF5900ED9E48 /* Products */;
			projectDirPath = "";
			projectRoot = "";
			targets = (
				2FECED0D1FEABF5900ED9E48 /* MVVM-Practice */,
				2FECED211FEABF5900ED9E48 /* MVVM-PracticeTests */,
			);
		};
/* End PBXProject section */

/* Begin PBXResourcesBuildPhase section */
		2FECED0C1FEABF5900ED9E48 /* Resources */ = {
			isa = PBXResourcesBuildPhase;
			buildActionMask = 2147483647;
			files = (
				2FECED1C1FEABF5900ED9E48 /* LaunchScreen.storyboard in Resources */,
				2FECED191FEABF5900ED9E48 /* Assets.xcassets in Resources */,
			);
			runOnlyForDeploymentPostprocessing = 0;
		};
		2FECED201FEABF5900ED9E48 /* Resources */ = {
			isa = PBXResourcesBuildPhase;
			buildActionMask = 2147483647;
			files = (
			);
			runOnlyForDeploymentPostprocessing = 0;
		};
/* End PBXResourcesBuildPhase section */

/* Begin PBXShellScriptBuildPhase section */
		30C5B1F6F857ED3DEAFA59F4 /* [CP] Copy Pods Resources */ = {
			isa = PBXShellScriptBuildPhase;
			buildActionMask = 2147483647;
			files = (
			);
			inputPaths = (
			);
			name = "[CP] Copy Pods Resources";
			outputPaths = (
			);
			runOnlyForDeploymentPostprocessing = 0;
			shellPath = /bin/sh;
			shellScript = "\"${SRCROOT}/Pods/Target Support Files/Pods-MVVM-Practice/Pods-MVVM-Practice-resources.sh\"\n";
			showEnvVarsInLog = 0;
		};
		4AB4ADEF2452710A0EA10BFB /* [CP] Embed Pods Frameworks */ = {
			isa = PBXShellScriptBuildPhase;
			buildActionMask = 2147483647;
			files = (
			);
			inputPaths = (
				"${SRCROOT}/Pods/Target Support Files/Pods-MVVM-PracticeTests/Pods-MVVM-PracticeTests-frameworks.sh",
				"${BUILT_PRODUCTS_DIR}/PureLayout/PureLayout.framework",
				"${BUILT_PRODUCTS_DIR}/RxCocoa/RxCocoa.framework",
				"${BUILT_PRODUCTS_DIR}/RxSwift/RxSwift.framework",
				"${BUILT_PRODUCTS_DIR}/Nimble/Nimble.framework",
				"${BUILT_PRODUCTS_DIR}/Quick/Quick.framework",
				"${BUILT_PRODUCTS_DIR}/RxBlocking/RxBlocking.framework",
			);
			name = "[CP] Embed Pods Frameworks";
			outputPaths = (
				"${TARGET_BUILD_DIR}/${FRAMEWORKS_FOLDER_PATH}/PureLayout.framework",
				"${TARGET_BUILD_DIR}/${FRAMEWORKS_FOLDER_PATH}/RxCocoa.framework",
				"${TARGET_BUILD_DIR}/${FRAMEWORKS_FOLDER_PATH}/RxSwift.framework",
				"${TARGET_BUILD_DIR}/${FRAMEWORKS_FOLDER_PATH}/Nimble.framework",
				"${TARGET_BUILD_DIR}/${FRAMEWORKS_FOLDER_PATH}/Quick.framework",
				"${TARGET_BUILD_DIR}/${FRAMEWORKS_FOLDER_PATH}/RxBlocking.framework",
			);
			runOnlyForDeploymentPostprocessing = 0;
			shellPath = /bin/sh;
			shellScript = "\"${SRCROOT}/Pods/Target Support Files/Pods-MVVM-PracticeTests/Pods-MVVM-PracticeTests-frameworks.sh\"\n";
			showEnvVarsInLog = 0;
		};
		8C742AC5860CF9686A2889B5 /* [CP] Check Pods Manifest.lock */ = {
			isa = PBXShellScriptBuildPhase;
			buildActionMask = 2147483647;
			files = (
			);
			inputPaths = (
				"${PODS_PODFILE_DIR_PATH}/Podfile.lock",
				"${PODS_ROOT}/Manifest.lock",
			);
			name = "[CP] Check Pods Manifest.lock";
			outputPaths = (
				"$(DERIVED_FILE_DIR)/Pods-MVVM-Practice-checkManifestLockResult.txt",
			);
			runOnlyForDeploymentPostprocessing = 0;
			shellPath = /bin/sh;
			shellScript = "diff \"${PODS_PODFILE_DIR_PATH}/Podfile.lock\" \"${PODS_ROOT}/Manifest.lock\" > /dev/null\nif [ $? != 0 ] ; then\n    # print error to STDERR\n    echo \"error: The sandbox is not in sync with the Podfile.lock. Run 'pod install' or update your CocoaPods installation.\" >&2\n    exit 1\nfi\n# This output is used by Xcode 'outputs' to avoid re-running this script phase.\necho \"SUCCESS\" > \"${SCRIPT_OUTPUT_FILE_0}\"\n";
			showEnvVarsInLog = 0;
		};
		9CD8DB571B193CA321A357C9 /* [CP] Check Pods Manifest.lock */ = {
			isa = PBXShellScriptBuildPhase;
			buildActionMask = 2147483647;
			files = (
			);
			inputPaths = (
				"${PODS_PODFILE_DIR_PATH}/Podfile.lock",
				"${PODS_ROOT}/Manifest.lock",
			);
			name = "[CP] Check Pods Manifest.lock";
			outputPaths = (
				"$(DERIVED_FILE_DIR)/Pods-MVVM-PracticeTests-checkManifestLockResult.txt",
			);
			runOnlyForDeploymentPostprocessing = 0;
			shellPath = /bin/sh;
			shellScript = "diff \"${PODS_PODFILE_DIR_PATH}/Podfile.lock\" \"${PODS_ROOT}/Manifest.lock\" > /dev/null\nif [ $? != 0 ] ; then\n    # print error to STDERR\n    echo \"error: The sandbox is not in sync with the Podfile.lock. Run 'pod install' or update your CocoaPods installation.\" >&2\n    exit 1\nfi\n# This output is used by Xcode 'outputs' to avoid re-running this script phase.\necho \"SUCCESS\" > \"${SCRIPT_OUTPUT_FILE_0}\"\n";
			showEnvVarsInLog = 0;
		};
		BD0C8AAAF80BC65C6BCC932B /* [CP] Embed Pods Frameworks */ = {
			isa = PBXShellScriptBuildPhase;
			buildActionMask = 2147483647;
			files = (
			);
			inputPaths = (
				"${SRCROOT}/Pods/Target Support Files/Pods-MVVM-Practice/Pods-MVVM-Practice-frameworks.sh",
				"${BUILT_PRODUCTS_DIR}/Differentiator/Differentiator.framework",
				"${BUILT_PRODUCTS_DIR}/PureLayout/PureLayout.framework",
				"${BUILT_PRODUCTS_DIR}/RxCocoa/RxCocoa.framework",
				"${BUILT_PRODUCTS_DIR}/RxDataSources/RxDataSources.framework",
				"${BUILT_PRODUCTS_DIR}/RxSwift/RxSwift.framework",
			);
			name = "[CP] Embed Pods Frameworks";
			outputPaths = (
				"${TARGET_BUILD_DIR}/${FRAMEWORKS_FOLDER_PATH}/Differentiator.framework",
				"${TARGET_BUILD_DIR}/${FRAMEWORKS_FOLDER_PATH}/PureLayout.framework",
				"${TARGET_BUILD_DIR}/${FRAMEWORKS_FOLDER_PATH}/RxCocoa.framework",
				"${TARGET_BUILD_DIR}/${FRAMEWORKS_FOLDER_PATH}/RxDataSources.framework",
				"${TARGET_BUILD_DIR}/${FRAMEWORKS_FOLDER_PATH}/RxSwift.framework",
			);
			runOnlyForDeploymentPostprocessing = 0;
			shellPath = /bin/sh;
			shellScript = "\"${SRCROOT}/Pods/Target Support Files/Pods-MVVM-Practice/Pods-MVVM-Practice-frameworks.sh\"\n";
			showEnvVarsInLog = 0;
		};
		CFA657D6D28841FB47F7C5E9 /* [CP] Copy Pods Resources */ = {
			isa = PBXShellScriptBuildPhase;
			buildActionMask = 2147483647;
			files = (
			);
			inputPaths = (
			);
			name = "[CP] Copy Pods Resources";
			outputPaths = (
			);
			runOnlyForDeploymentPostprocessing = 0;
			shellPath = /bin/sh;
			shellScript = "\"${SRCROOT}/Pods/Target Support Files/Pods-MVVM-PracticeTests/Pods-MVVM-PracticeTests-resources.sh\"\n";
			showEnvVarsInLog = 0;
		};
/* End PBXShellScriptBuildPhase section */

/* Begin PBXSourcesBuildPhase section */
		2FECED0A1FEABF5900ED9E48 /* Sources */ = {
			isa = PBXSourcesBuildPhase;
			buildActionMask = 2147483647;
			files = (
				2FECED361FEFBAD400ED9E48 /* SearchEventViewModel.swift in Sources */,
				2FECED121FEABF5900ED9E48 /* AppDelegate.swift in Sources */,
				2FC625232003C2EA001E98F7 /* Router.swift in Sources */,
				2F9658F21FF74D89001D08DA /* NavigationRouter.swift in Sources */,
				2FECED381FF0105200ED9E48 /* SearchEventModel.swift in Sources */,
				2FECED331FEAC66300ED9E48 /* SearchEventViewController.swift in Sources */,
				2FECED3B1FF010CB00ED9E48 /* ConnpassEvent.swift in Sources */,
				2FC625211FFCCB61001E98F7 /* ConnpassEventRepositoryProtocol.swift in Sources */,
				2F9658E71FF3878C001D08DA /* ConnpassEventRepository.swift in Sources */,
				2F9658EE1FF6B6D2001D08DA /* EventCell.swift in Sources */,
			);
			runOnlyForDeploymentPostprocessing = 0;
		};
		2FECED1E1FEABF5900ED9E48 /* Sources */ = {
			isa = PBXSourcesBuildPhase;
			buildActionMask = 2147483647;
			files = (
				A62C289820BB303200EA755E /* SearchEventViewModelSpec.swift in Sources */,
				A62C289620BB05D100EA755E /* FakeSearchEventViewModel.swift in Sources */,
				A62C288920BB021000EA755E /* SearchEventViewControllerSpec.swift in Sources */,
				A62C288B20BB050300EA755E /* FakeRouter.swift in Sources */,
				2FC6251F1FFCCB3B001E98F7 /* FakeConnpassEventRepository.swift in Sources */,
				2FC625252003C36C001E98F7 /* NavigationRouterSpec.swift in Sources */,
				2FC6251C1FFCC601001E98F7 /* SearchEventModelSpec.swift in Sources */,
			);
			runOnlyForDeploymentPostprocessing = 0;
		};
/* End PBXSourcesBuildPhase section */

/* Begin PBXTargetDependency section */
		2FECED241FEABF5900ED9E48 /* PBXTargetDependency */ = {
			isa = PBXTargetDependency;
			target = 2FECED0D1FEABF5900ED9E48 /* MVVM-Practice */;
			targetProxy = 2FECED231FEABF5900ED9E48 /* PBXContainerItemProxy */;
		};
/* End PBXTargetDependency section */

/* Begin PBXVariantGroup section */
		2FECED1A1FEABF5900ED9E48 /* LaunchScreen.storyboard */ = {
			isa = PBXVariantGroup;
			children = (
				2FECED1B1FEABF5900ED9E48 /* Base */,
			);
			name = LaunchScreen.storyboard;
			sourceTree = "<group>";
		};
/* End PBXVariantGroup section */

/* Begin XCBuildConfiguration section */
		2FECED291FEABF5900ED9E48 /* Debug */ = {
			isa = XCBuildConfiguration;
			buildSettings = {
				ALWAYS_SEARCH_USER_PATHS = NO;
				CLANG_ANALYZER_NONNULL = YES;
				CLANG_ANALYZER_NUMBER_OBJECT_CONVERSION = YES_AGGRESSIVE;
				CLANG_CXX_LANGUAGE_STANDARD = "gnu++14";
				CLANG_CXX_LIBRARY = "libc++";
				CLANG_ENABLE_MODULES = YES;
				CLANG_ENABLE_OBJC_ARC = YES;
				CLANG_WARN_BLOCK_CAPTURE_AUTORELEASING = YES;
				CLANG_WARN_BOOL_CONVERSION = YES;
				CLANG_WARN_COMMA = YES;
				CLANG_WARN_CONSTANT_CONVERSION = YES;
				CLANG_WARN_DIRECT_OBJC_ISA_USAGE = YES_ERROR;
				CLANG_WARN_DOCUMENTATION_COMMENTS = YES;
				CLANG_WARN_EMPTY_BODY = YES;
				CLANG_WARN_ENUM_CONVERSION = YES;
				CLANG_WARN_INFINITE_RECURSION = YES;
				CLANG_WARN_INT_CONVERSION = YES;
				CLANG_WARN_NON_LITERAL_NULL_CONVERSION = YES;
				CLANG_WARN_OBJC_LITERAL_CONVERSION = YES;
				CLANG_WARN_OBJC_ROOT_CLASS = YES_ERROR;
				CLANG_WARN_RANGE_LOOP_ANALYSIS = YES;
				CLANG_WARN_STRICT_PROTOTYPES = YES;
				CLANG_WARN_SUSPICIOUS_MOVE = YES;
				CLANG_WARN_UNGUARDED_AVAILABILITY = YES_AGGRESSIVE;
				CLANG_WARN_UNREACHABLE_CODE = YES;
				CLANG_WARN__DUPLICATE_METHOD_MATCH = YES;
				CODE_SIGN_IDENTITY = "iPhone Developer";
				COPY_PHASE_STRIP = NO;
				DEBUG_INFORMATION_FORMAT = dwarf;
				ENABLE_STRICT_OBJC_MSGSEND = YES;
				ENABLE_TESTABILITY = YES;
				GCC_C_LANGUAGE_STANDARD = gnu11;
				GCC_DYNAMIC_NO_PIC = NO;
				GCC_NO_COMMON_BLOCKS = YES;
				GCC_OPTIMIZATION_LEVEL = 0;
				GCC_PREPROCESSOR_DEFINITIONS = (
					"DEBUG=1",
					"$(inherited)",
				);
				GCC_WARN_64_TO_32_BIT_CONVERSION = YES;
				GCC_WARN_ABOUT_RETURN_TYPE = YES_ERROR;
				GCC_WARN_UNDECLARED_SELECTOR = YES;
				GCC_WARN_UNINITIALIZED_AUTOS = YES_AGGRESSIVE;
				GCC_WARN_UNUSED_FUNCTION = YES;
				GCC_WARN_UNUSED_VARIABLE = YES;
				IPHONEOS_DEPLOYMENT_TARGET = 11.2;
				MTL_ENABLE_DEBUG_INFO = YES;
				ONLY_ACTIVE_ARCH = YES;
				SDKROOT = iphoneos;
				SWIFT_ACTIVE_COMPILATION_CONDITIONS = DEBUG;
				SWIFT_OPTIMIZATION_LEVEL = "-Onone";
			};
			name = Debug;
		};
		2FECED2A1FEABF5900ED9E48 /* Release */ = {
			isa = XCBuildConfiguration;
			buildSettings = {
				ALWAYS_SEARCH_USER_PATHS = NO;
				CLANG_ANALYZER_NONNULL = YES;
				CLANG_ANALYZER_NUMBER_OBJECT_CONVERSION = YES_AGGRESSIVE;
				CLANG_CXX_LANGUAGE_STANDARD = "gnu++14";
				CLANG_CXX_LIBRARY = "libc++";
				CLANG_ENABLE_MODULES = YES;
				CLANG_ENABLE_OBJC_ARC = YES;
				CLANG_WARN_BLOCK_CAPTURE_AUTORELEASING = YES;
				CLANG_WARN_BOOL_CONVERSION = YES;
				CLANG_WARN_COMMA = YES;
				CLANG_WARN_CONSTANT_CONVERSION = YES;
				CLANG_WARN_DIRECT_OBJC_ISA_USAGE = YES_ERROR;
				CLANG_WARN_DOCUMENTATION_COMMENTS = YES;
				CLANG_WARN_EMPTY_BODY = YES;
				CLANG_WARN_ENUM_CONVERSION = YES;
				CLANG_WARN_INFINITE_RECURSION = YES;
				CLANG_WARN_INT_CONVERSION = YES;
				CLANG_WARN_NON_LITERAL_NULL_CONVERSION = YES;
				CLANG_WARN_OBJC_LITERAL_CONVERSION = YES;
				CLANG_WARN_OBJC_ROOT_CLASS = YES_ERROR;
				CLANG_WARN_RANGE_LOOP_ANALYSIS = YES;
				CLANG_WARN_STRICT_PROTOTYPES = YES;
				CLANG_WARN_SUSPICIOUS_MOVE = YES;
				CLANG_WARN_UNGUARDED_AVAILABILITY = YES_AGGRESSIVE;
				CLANG_WARN_UNREACHABLE_CODE = YES;
				CLANG_WARN__DUPLICATE_METHOD_MATCH = YES;
				CODE_SIGN_IDENTITY = "iPhone Developer";
				COPY_PHASE_STRIP = NO;
				DEBUG_INFORMATION_FORMAT = "dwarf-with-dsym";
				ENABLE_NS_ASSERTIONS = NO;
				ENABLE_STRICT_OBJC_MSGSEND = YES;
				GCC_C_LANGUAGE_STANDARD = gnu11;
				GCC_NO_COMMON_BLOCKS = YES;
				GCC_WARN_64_TO_32_BIT_CONVERSION = YES;
				GCC_WARN_ABOUT_RETURN_TYPE = YES_ERROR;
				GCC_WARN_UNDECLARED_SELECTOR = YES;
				GCC_WARN_UNINITIALIZED_AUTOS = YES_AGGRESSIVE;
				GCC_WARN_UNUSED_FUNCTION = YES;
				GCC_WARN_UNUSED_VARIABLE = YES;
				IPHONEOS_DEPLOYMENT_TARGET = 11.2;
				MTL_ENABLE_DEBUG_INFO = NO;
				SDKROOT = iphoneos;
				SWIFT_OPTIMIZATION_LEVEL = "-Owholemodule";
				VALIDATE_PRODUCT = YES;
			};
			name = Release;
		};
		2FECED2C1FEABF5900ED9E48 /* Debug */ = {
			isa = XCBuildConfiguration;
			baseConfigurationReference = A8485C6698142C423A8EFB89 /* Pods-MVVM-Practice.debug.xcconfig */;
			buildSettings = {
				ALWAYS_EMBED_SWIFT_STANDARD_LIBRARIES = "$(inherited)";
				ASSETCATALOG_COMPILER_APPICON_NAME = AppIcon;
				"CODE_SIGN_IDENTITY[sdk=iphoneos*]" = "iPhone Developer";
				CODE_SIGN_STYLE = Automatic;
				DEVELOPMENT_TEAM = LKY5E3QCX4;
				INFOPLIST_FILE = "MVVM-Practice/Info.plist";
				IPHONEOS_DEPLOYMENT_TARGET = 11.2;
				LD_RUNPATH_SEARCH_PATHS = "$(inherited) @executable_path/Frameworks";
				PRODUCT_BUNDLE_IDENTIFIER = "karuiaduu.MVVM-Practice";
				PRODUCT_NAME = "$(TARGET_NAME)";
				PROVISIONING_PROFILE_SPECIFIER = "";
				SWIFT_VERSION = 4.0;
				TARGETED_DEVICE_FAMILY = 1;
			};
			name = Debug;
		};
		2FECED2D1FEABF5900ED9E48 /* Release */ = {
			isa = XCBuildConfiguration;
			baseConfigurationReference = CC0CE58D2A47D31390D6A4AB /* Pods-MVVM-Practice.release.xcconfig */;
			buildSettings = {
				ALWAYS_EMBED_SWIFT_STANDARD_LIBRARIES = "$(inherited)";
				ASSETCATALOG_COMPILER_APPICON_NAME = AppIcon;
				"CODE_SIGN_IDENTITY[sdk=iphoneos*]" = "iPhone Developer";
				CODE_SIGN_STYLE = Automatic;
				DEVELOPMENT_TEAM = LKY5E3QCX4;
				INFOPLIST_FILE = "MVVM-Practice/Info.plist";
				IPHONEOS_DEPLOYMENT_TARGET = 11.2;
				LD_RUNPATH_SEARCH_PATHS = "$(inherited) @executable_path/Frameworks";
				PRODUCT_BUNDLE_IDENTIFIER = "karuiaduu.MVVM-Practice";
				PRODUCT_NAME = "$(TARGET_NAME)";
				PROVISIONING_PROFILE_SPECIFIER = "";
				SWIFT_VERSION = 4.0;
				TARGETED_DEVICE_FAMILY = 1;
			};
			name = Release;
		};
		2FECED2F1FEABF5900ED9E48 /* Debug */ = {
			isa = XCBuildConfiguration;
			baseConfigurationReference = 33D05587E146C1E66BC889D0 /* Pods-MVVM-PracticeTests.debug.xcconfig */;
			buildSettings = {
				ALWAYS_EMBED_SWIFT_STANDARD_LIBRARIES = "$(inherited)";
				BUNDLE_LOADER = "$(TEST_HOST)";
				CLANG_ENABLE_MODULES = YES;
				CODE_SIGN_STYLE = Automatic;
				DEVELOPMENT_TEAM = LKY5E3QCX4;
				INFOPLIST_FILE = "MVVM-PracticeTests/Info.plist";
				LD_RUNPATH_SEARCH_PATHS = "$(inherited) @executable_path/Frameworks @loader_path/Frameworks";
				PRODUCT_BUNDLE_IDENTIFIER = "karuiaduu.MVVM-PracticeTests";
				PRODUCT_NAME = "$(TARGET_NAME)";
				SWIFT_OPTIMIZATION_LEVEL = "-Onone";
				SWIFT_VERSION = 4.0;
				TARGETED_DEVICE_FAMILY = "1,2";
				TEST_HOST = "$(BUILT_PRODUCTS_DIR)/MVVM-Practice.app/MVVM-Practice";
			};
			name = Debug;
		};
		2FECED301FEABF5900ED9E48 /* Release */ = {
			isa = XCBuildConfiguration;
			baseConfigurationReference = 78EE168F8370F3AFD019D986 /* Pods-MVVM-PracticeTests.release.xcconfig */;
			buildSettings = {
				ALWAYS_EMBED_SWIFT_STANDARD_LIBRARIES = "$(inherited)";
				BUNDLE_LOADER = "$(TEST_HOST)";
				CLANG_ENABLE_MODULES = YES;
				CODE_SIGN_STYLE = Automatic;
				DEVELOPMENT_TEAM = LKY5E3QCX4;
				INFOPLIST_FILE = "MVVM-PracticeTests/Info.plist";
				LD_RUNPATH_SEARCH_PATHS = "$(inherited) @executable_path/Frameworks @loader_path/Frameworks";
				PRODUCT_BUNDLE_IDENTIFIER = "karuiaduu.MVVM-PracticeTests";
				PRODUCT_NAME = "$(TARGET_NAME)";
				SWIFT_VERSION = 4.0;
				TARGETED_DEVICE_FAMILY = "1,2";
				TEST_HOST = "$(BUILT_PRODUCTS_DIR)/MVVM-Practice.app/MVVM-Practice";
			};
			name = Release;
		};
/* End XCBuildConfiguration section */

/* Begin XCConfigurationList section */
		2FECED091FEABF5900ED9E48 /* Build configuration list for PBXProject "MVVM-Practice" */ = {
			isa = XCConfigurationList;
			buildConfigurations = (
				2FECED291FEABF5900ED9E48 /* Debug */,
				2FECED2A1FEABF5900ED9E48 /* Release */,
			);
			defaultConfigurationIsVisible = 0;
			defaultConfigurationName = Release;
		};
		2FECED2B1FEABF5900ED9E48 /* Build configuration list for PBXNativeTarget "MVVM-Practice" */ = {
			isa = XCConfigurationList;
			buildConfigurations = (
				2FECED2C1FEABF5900ED9E48 /* Debug */,
				2FECED2D1FEABF5900ED9E48 /* Release */,
			);
			defaultConfigurationIsVisible = 0;
			defaultConfigurationName = Release;
		};
		2FECED2E1FEABF5900ED9E48 /* Build configuration list for PBXNativeTarget "MVVM-PracticeTests" */ = {
			isa = XCConfigurationList;
			buildConfigurations = (
				2FECED2F1FEABF5900ED9E48 /* Debug */,
				2FECED301FEABF5900ED9E48 /* Release */,
			);
			defaultConfigurationIsVisible = 0;
			defaultConfigurationName = Release;
		};
/* End XCConfigurationList section */
	};
	rootObject = 2FECED061FEABF5900ED9E48 /* Project object */;
}
